
Microsoft Visual Studio Solution File, Format Version 12.00
# Visual Studio Version 16
VisualStudioVersion = 16.0.30406.217
MinimumVisualStudioVersion = 10.0.40219.1
Project("{2150E333-8FDC-42A3-9474-1A3956D46DE8}") = "动态规划", "动态规划", "{1D61E898-8382-4813-9420-3FAA551AC4DB}"
EndProject
Project("{8BC9CEB8-8B4A-11D0-8D11-00A0C91BC942}") = "P1048-采药", "动态规划\P1048-采药\P1048-采药.vcxproj", "{F0A8DA8F-CB84-4151-BA29-2223E9503665}"
EndProject
Project("{8BC9CEB8-8B4A-11D0-8D11-00A0C91BC942}") = "P1616-疯狂的采药", "动态规划\P1616-疯狂的采药\P1616-疯狂的采药.vcxproj", "{70E72992-4F61-4208-93D3-AC5C8E61A63F}"
EndProject
Project("{8BC9CEB8-8B4A-11D0-8D11-00A0C91BC942}") = "P1049-装箱问题", "动态规划\P1049-装箱问题\P1049-装箱问题.vcxproj", "{3FEF0C2B-C494-48D3-B8F0-85AFA0276330}"
EndProject
Project("{8BC9CEB8-8B4A-11D0-8D11-00A0C91BC942}") = "P1439-最长公共子序列", "动态规划\P1439-最长公共子序列\P1439-最长公共子序列.vcxproj", "{1037EBDC-2A25-49BA-9700-B980CDEEC511}"
EndProject
Global
	GlobalSection(SolutionConfigurationPlatforms) = preSolution
		Debug|x64 = Debug|x64
		Debug|x86 = Debug|x86
		Release|x64 = Release|x64
		Release|x86 = Release|x86
	EndGlobalSection
	GlobalSection(ProjectConfigurationPlatforms) = postSolution
		{F0A8DA8F-CB84-4151-BA29-2223E9503665}.Debug|x64.ActiveCfg = Debug|x64
		{F0A8DA8F-CB84-4151-BA29-2223E9503665}.Debug|x64.Build.0 = Debug|x64
		{F0A8DA8F-CB84-4151-BA29-2223E9503665}.Debug|x86.ActiveCfg = Debug|Win32
		{F0A8DA8F-CB84-4151-BA29-2223E9503665}.Debug|x86.Build.0 = Debug|Win32
		{F0A8DA8F-CB84-4151-BA29-2223E9503665}.Release|x64.ActiveCfg = Release|x64
		{F0A8DA8F-CB84-4151-BA29-2223E9503665}.Release|x64.Build.0 = Release|x64
		{F0A8DA8F-CB84-4151-BA29-2223E9503665}.Release|x86.ActiveCfg = Release|Win32
		{F0A8DA8F-CB84-4151-BA29-2223E9503665}.Release|x86.Build.0 = Release|Win32
		{70E72992-4F61-4208-93D3-AC5C8E61A63F}.Debug|x64.ActiveCfg = Debug|x64
		{70E72992-4F61-4208-93D3-AC5C8E61A63F}.Debug|x64.Build.0 = Debug|x64
		{70E72992-4F61-4208-93D3-AC5C8E61A63F}.Debug|x86.ActiveCfg = Debug|Win32
		{70E72992-4F61-4208-93D3-AC5C8E61A63F}.Debug|x86.Build.0 = Debug|Win32
		{70E72992-4F61-4208-93D3-AC5C8E61A63F}.Release|x64.ActiveCfg = Release|x64
		{70E72992-4F61-4208-93D3-AC5C8E61A63F}.Release|x64.Build.0 = Release|x64
		{70E72992-4F61-4208-93D3-AC5C8E61A63F}.Release|x86.ActiveCfg = Release|Win32
		{70E72992-4F61-4208-93D3-AC5C8E61A63F}.Release|x86.Build.0 = Release|Win32
		{3FEF0C2B-C494-48D3-B8F0-85AFA0276330}.Debug|x64.ActiveCfg = Debug|x64
		{3FEF0C2B-C494-48D3-B8F0-85AFA0276330}.Debug|x64.Build.0 = Debug|x64
		{3FEF0C2B-C494-48D3-B8F0-85AFA0276330}.Debug|x86.ActiveCfg = Debug|Win32
		{3FEF0C2B-C494-48D3-B8F0-85AFA0276330}.Debug|x86.Build.0 = Debug|Win32
		{3FEF0C2B-C494-48D3-B8F0-85AFA0276330}.Release|x64.ActiveCfg = Release|x64
		{3FEF0C2B-C494-48D3-B8F0-85AFA0276330}.Release|x64.Build.0 = Release|x64
		{3FEF0C2B-C494-48D3-B8F0-85AFA0276330}.Release|x86.ActiveCfg = Release|Win32
		{3FEF0C2B-C494-48D3-B8F0-85AFA0276330}.Release|x86.Build.0 = Release|Win32
		{1037EBDC-2A25-49BA-9700-B980CDEEC511}.Debug|x64.ActiveCfg = Debug|x64
		{1037EBDC-2A25-49BA-9700-B980CDEEC511}.Debug|x64.Build.0 = Debug|x64
		{1037EBDC-2A25-49BA-9700-B980CDEEC511}.Debug|x86.ActiveCfg = Debug|Win32
		{1037EBDC-2A25-49BA-9700-B980CDEEC511}.Debug|x86.Build.0 = Debug|Win32
		{1037EBDC-2A25-49BA-9700-B980CDEEC511}.Release|x64.ActiveCfg = Release|x64
		{1037EBDC-2A25-49BA-9700-B980CDEEC511}.Release|x64.Build.0 = Release|x64
		{1037EBDC-2A25-49BA-9700-B980CDEEC511}.Release|x86.ActiveCfg = Release|Win32
		{1037EBDC-2A25-49BA-9700-B980CDEEC511}.Release|x86.Build.0 = Release|Win32
	EndGlobalSection
	GlobalSection(SolutionProperties) = preSolution
		HideSolutionNode = FALSE
	EndGlobalSection
	GlobalSection(NestedProjects) = preSolution
		{F0A8DA8F-CB84-4151-BA29-2223E9503665} = {1D61E898-8382-4813-9420-3FAA551AC4DB}
		{70E72992-4F61-4208-93D3-AC5C8E61A63F} = {1D61E898-8382-4813-9420-3FAA551AC4DB}
		{3FEF0C2B-C494-48D3-B8F0-85AFA0276330} = {1D61E898-8382-4813-9420-3FAA551AC4DB}
		{1037EBDC-2A25-49BA-9700-B980CDEEC511} = {1D61E898-8382-4813-9420-3FAA551AC4DB}
	EndGlobalSection
	GlobalSection(ExtensibilityGlobals) = postSolution
		SolutionGuid = {FBB71DE1-4120-4BD4-85C6-996E6FBD904F}
	EndGlobalSection
EndGlobal
