
Microsoft Visual Studio Solution File, Format Version 12.00
# Visual Studio Version 16
VisualStudioVersion = 16.0.30406.217
MinimumVisualStudioVersion = 10.0.40219.1
Project("{8BC9CEB8-8B4A-11D0-8D11-00A0C91BC942}") = "P1048-采药", "P1048-采药\P1048-采药.vcxproj", "{F0A8DA8F-CB84-4151-BA29-2223E9503665}"
EndProject
Project("{8BC9CEB8-8B4A-11D0-8D11-00A0C91BC942}") = "P1616-疯狂的采药", "P1616-疯狂的采药\P1616-疯狂的采药.vcxproj", "{70E72992-4F61-4208-93D3-AC5C8E61A63F}"
EndProject
Project("{8BC9CEB8-8B4A-11D0-8D11-00A0C91BC942}") = "P1049-装箱问题", "P1049-装箱问题\P1049-装箱问题.vcxproj", "{3FEF0C2B-C494-48D3-B8F0-85AFA0276330}"
EndProject
Project("{8BC9CEB8-8B4A-11D0-8D11-00A0C91BC942}") = "P1439-最长公共子序列", "P1439-最长公共子序列\P1439-最长公共子序列.vcxproj", "{1037EBDC-2A25-49BA-9700-B980CDEEC511}"
EndProject
Project("{8BC9CEB8-8B4A-11D0-8D11-00A0C91BC942}") = "P1164-小A点菜", "P1164-小A点菜\P1164-小A点菜.vcxproj", "{DBF6E858-1290-41D4-B629-B98C339793C3}"
EndProject
Project("{8BC9CEB8-8B4A-11D0-8D11-00A0C91BC942}") = "P3371-单源最短路径", "P3371-单源最短路径\P3371-单源最短路径.vcxproj", "{7F99B6A9-314F-44F5-9368-3C72D7B1C268}"
EndProject
Global
	GlobalSection(SolutionConfigurationPlatforms) = preSolution
		Debug|x64 = Debug|x64
		Debug|x86 = Debug|x86
		Release|x64 = Release|x64
		Release|x86 = Release|x86
	EndGlobalSection
	GlobalSection(ProjectConfigurationPlatforms) = postSolution
		{F0A8DA8F-CB84-4151-BA29-2223E9503665}.Debug|x64.ActiveCfg = Debug|x64
		{F0A8DA8F-CB84-4151-BA29-2223E9503665}.Debug|x64.Build.0 = Debug|x64
		{F0A8DA8F-CB84-4151-BA29-2223E9503665}.Debug|x86.ActiveCfg = Debug|Win32
		{F0A8DA8F-CB84-4151-BA29-2223E9503665}.Debug|x86.Build.0 = Debug|Win32
		{F0A8DA8F-CB84-4151-BA29-2223E9503665}.Release|x64.ActiveCfg = Release|x64
		{F0A8DA8F-CB84-4151-BA29-2223E9503665}.Release|x64.Build.0 = Release|x64
		{F0A8DA8F-CB84-4151-BA29-2223E9503665}.Release|x86.ActiveCfg = Release|Win32
		{F0A8DA8F-CB84-4151-BA29-2223E9503665}.Release|x86.Build.0 = Release|Win32
		{70E72992-4F61-4208-93D3-AC5C8E61A63F}.Debug|x64.ActiveCfg = Debug|x64
		{70E72992-4F61-4208-93D3-AC5C8E61A63F}.Debug|x64.Build.0 = Debug|x64
		{70E72992-4F61-4208-93D3-AC5C8E61A63F}.Debug|x86.ActiveCfg = Debug|Win32
		{70E72992-4F61-4208-93D3-AC5C8E61A63F}.Debug|x86.Build.0 = Debug|Win32
		{70E72992-4F61-4208-93D3-AC5C8E61A63F}.Release|x64.ActiveCfg = Release|x64
		{70E72992-4F61-4208-93D3-AC5C8E61A63F}.Release|x64.Build.0 = Release|x64
		{70E72992-4F61-4208-93D3-AC5C8E61A63F}.Release|x86.ActiveCfg = Release|Win32
		{70E72992-4F61-4208-93D3-AC5C8E61A63F}.Release|x86.Build.0 = Release|Win32
		{3FEF0C2B-C494-48D3-B8F0-85AFA0276330}.Debug|x64.ActiveCfg = Debug|x64
		{3FEF0C2B-C494-48D3-B8F0-85AFA0276330}.Debug|x64.Build.0 = Debug|x64
		{3FEF0C2B-C494-48D3-B8F0-85AFA0276330}.Debug|x86.ActiveCfg = Debug|Win32
		{3FEF0C2B-C494-48D3-B8F0-85AFA0276330}.Debug|x86.Build.0 = Debug|Win32
		{3FEF0C2B-C494-48D3-B8F0-85AFA0276330}.Release|x64.ActiveCfg = Release|x64
		{3FEF0C2B-C494-48D3-B8F0-85AFA0276330}.Release|x64.Build.0 = Release|x64
		{3FEF0C2B-C494-48D3-B8F0-85AFA0276330}.Release|x86.ActiveCfg = Release|Win32
		{3FEF0C2B-C494-48D3-B8F0-85AFA0276330}.Release|x86.Build.0 = Release|Win32
		{1037EBDC-2A25-49BA-9700-B980CDEEC511}.Debug|x64.ActiveCfg = Debug|x64
		{1037EBDC-2A25-49BA-9700-B980CDEEC511}.Debug|x64.Build.0 = Debug|x64
		{1037EBDC-2A25-49BA-9700-B980CDEEC511}.Debug|x86.ActiveCfg = Debug|Win32
		{1037EBDC-2A25-49BA-9700-B980CDEEC511}.Debug|x86.Build.0 = Debug|Win32
		{1037EBDC-2A25-49BA-9700-B980CDEEC511}.Release|x64.ActiveCfg = Release|x64
		{1037EBDC-2A25-49BA-9700-B980CDEEC511}.Release|x64.Build.0 = Release|x64
		{1037EBDC-2A25-49BA-9700-B980CDEEC511}.Release|x86.ActiveCfg = Release|Win32
		{1037EBDC-2A25-49BA-9700-B980CDEEC511}.Release|x86.Build.0 = Release|Win32
		{DBF6E858-1290-41D4-B629-B98C339793C3}.Debug|x64.ActiveCfg = Debug|x64
		{DBF6E858-1290-41D4-B629-B98C339793C3}.Debug|x64.Build.0 = Debug|x64
		{DBF6E858-1290-41D4-B629-B98C339793C3}.Debug|x86.ActiveCfg = Debug|Win32
		{DBF6E858-1290-41D4-B629-B98C339793C3}.Debug|x86.Build.0 = Debug|Win32
		{DBF6E858-1290-41D4-B629-B98C339793C3}.Release|x64.ActiveCfg = Release|x64
		{DBF6E858-1290-41D4-B629-B98C339793C3}.Release|x64.Build.0 = Release|x64
		{DBF6E858-1290-41D4-B629-B98C339793C3}.Release|x86.ActiveCfg = Release|Win32
		{DBF6E858-1290-41D4-B629-B98C339793C3}.Release|x86.Build.0 = Release|Win32
		{7F99B6A9-314F-44F5-9368-3C72D7B1C268}.Debug|x64.ActiveCfg = Debug|x64
		{7F99B6A9-314F-44F5-9368-3C72D7B1C268}.Debug|x64.Build.0 = Debug|x64
		{7F99B6A9-314F-44F5-9368-3C72D7B1C268}.Debug|x86.ActiveCfg = Debug|Win32
		{7F99B6A9-314F-44F5-9368-3C72D7B1C268}.Debug|x86.Build.0 = Debug|Win32
		{7F99B6A9-314F-44F5-9368-3C72D7B1C268}.Release|x64.ActiveCfg = Release|x64
		{7F99B6A9-314F-44F5-9368-3C72D7B1C268}.Release|x64.Build.0 = Release|x64
		{7F99B6A9-314F-44F5-9368-3C72D7B1C268}.Release|x86.ActiveCfg = Release|Win32
		{7F99B6A9-314F-44F5-9368-3C72D7B1C268}.Release|x86.Build.0 = Release|Win32
	EndGlobalSection
	GlobalSection(SolutionProperties) = preSolution
		HideSolutionNode = FALSE
	EndGlobalSection
	GlobalSection(ExtensibilityGlobals) = postSolution
		SolutionGuid = {FBB71DE1-4120-4BD4-85C6-996E6FBD904F}
	EndGlobalSection
EndGlobal
