
Microsoft Visual Studio Solution File, Format Version 12.00
# Visual Studio Version 16
VisualStudioVersion = 16.0.30406.217
MinimumVisualStudioVersion = 10.0.40219.1
Project("{8BC9CEB8-8B4A-11D0-8D11-00A0C91BC942}") = "采药", "洛谷\采药\采药.vcxproj", "{F0A8DA8F-CB84-4151-BA29-2223E9503665}"
EndProject
Project("{8BC9CEB8-8B4A-11D0-8D11-00A0C91BC942}") = "疯狂的采药", "洛谷\疯狂的采药\疯狂的采药.vcxproj", "{70E72992-4F61-4208-93D3-AC5C8E61A63F}"
EndProject
Project("{8BC9CEB8-8B4A-11D0-8D11-00A0C91BC942}") = "装箱问题", "洛谷\装箱问题\装箱问题.vcxproj", "{3FEF0C2B-C494-48D3-B8F0-85AFA0276330}"
EndProject
Project("{8BC9CEB8-8B4A-11D0-8D11-00A0C91BC942}") = "最长公共子序列", "洛谷\最长公共子序列\最长公共子序列.vcxproj", "{1037EBDC-2A25-49BA-9700-B980CDEEC511}"
EndProject
Project("{8BC9CEB8-8B4A-11D0-8D11-00A0C91BC942}") = "小A点菜", "洛谷\小A点菜\小A点菜.vcxproj", "{DBF6E858-1290-41D4-B629-B98C339793C3}"
EndProject
Project("{8BC9CEB8-8B4A-11D0-8D11-00A0C91BC942}") = "单源最短路径", "洛谷\单源最短路径\单源最短路径.vcxproj", "{7F99B6A9-314F-44F5-9368-3C72D7B1C268}"
EndProject
Project("{8BC9CEB8-8B4A-11D0-8D11-00A0C91BC942}") = "单源最短路", "LibreOJ\单源最短路\单源最短路.vcxproj", "{E6C21846-E618-4EB2-8756-2A98C05FA3FE}"
EndProject
Project("{2150E333-8FDC-42A3-9474-1A3956D46DE8}") = "洛谷", "洛谷", "{C105E594-42CC-49D9-A13E-07C2DB4C2EC2}"
EndProject
Project("{2150E333-8FDC-42A3-9474-1A3956D46DE8}") = "LibreOJ", "LibreOJ", "{41DD9409-35DE-4A1D-B009-49155CD98035}"
EndProject
Global
	GlobalSection(SolutionConfigurationPlatforms) = preSolution
		Debug|x64 = Debug|x64
		Debug|x86 = Debug|x86
		Release|x64 = Release|x64
		Release|x86 = Release|x86
	EndGlobalSection
	GlobalSection(ProjectConfigurationPlatforms) = postSolution
		{F0A8DA8F-CB84-4151-BA29-2223E9503665}.Debug|x64.ActiveCfg = Debug|x64
		{F0A8DA8F-CB84-4151-BA29-2223E9503665}.Debug|x64.Build.0 = Debug|x64
		{F0A8DA8F-CB84-4151-BA29-2223E9503665}.Debug|x86.ActiveCfg = Debug|Win32
		{F0A8DA8F-CB84-4151-BA29-2223E9503665}.Debug|x86.Build.0 = Debug|Win32
		{F0A8DA8F-CB84-4151-BA29-2223E9503665}.Release|x64.ActiveCfg = Release|x64
		{F0A8DA8F-CB84-4151-BA29-2223E9503665}.Release|x64.Build.0 = Release|x64
		{F0A8DA8F-CB84-4151-BA29-2223E9503665}.Release|x86.ActiveCfg = Release|Win32
		{F0A8DA8F-CB84-4151-BA29-2223E9503665}.Release|x86.Build.0 = Release|Win32
		{70E72992-4F61-4208-93D3-AC5C8E61A63F}.Debug|x64.ActiveCfg = Debug|x64
		{70E72992-4F61-4208-93D3-AC5C8E61A63F}.Debug|x64.Build.0 = Debug|x64
		{70E72992-4F61-4208-93D3-AC5C8E61A63F}.Debug|x86.ActiveCfg = Debug|Win32
		{70E72992-4F61-4208-93D3-AC5C8E61A63F}.Debug|x86.Build.0 = Debug|Win32
		{70E72992-4F61-4208-93D3-AC5C8E61A63F}.Release|x64.ActiveCfg = Release|x64
		{70E72992-4F61-4208-93D3-AC5C8E61A63F}.Release|x64.Build.0 = Release|x64
		{70E72992-4F61-4208-93D3-AC5C8E61A63F}.Release|x86.ActiveCfg = Release|Win32
		{70E72992-4F61-4208-93D3-AC5C8E61A63F}.Release|x86.Build.0 = Release|Win32
		{3FEF0C2B-C494-48D3-B8F0-85AFA0276330}.Debug|x64.ActiveCfg = Debug|x64
		{3FEF0C2B-C494-48D3-B8F0-85AFA0276330}.Debug|x64.Build.0 = Debug|x64
		{3FEF0C2B-C494-48D3-B8F0-85AFA0276330}.Debug|x86.ActiveCfg = Debug|Win32
		{3FEF0C2B-C494-48D3-B8F0-85AFA0276330}.Debug|x86.Build.0 = Debug|Win32
		{3FEF0C2B-C494-48D3-B8F0-85AFA0276330}.Release|x64.ActiveCfg = Release|x64
		{3FEF0C2B-C494-48D3-B8F0-85AFA0276330}.Release|x64.Build.0 = Release|x64
		{3FEF0C2B-C494-48D3-B8F0-85AFA0276330}.Release|x86.ActiveCfg = Release|Win32
		{3FEF0C2B-C494-48D3-B8F0-85AFA0276330}.Release|x86.Build.0 = Release|Win32
		{1037EBDC-2A25-49BA-9700-B980CDEEC511}.Debug|x64.ActiveCfg = Debug|x64
		{1037EBDC-2A25-49BA-9700-B980CDEEC511}.Debug|x64.Build.0 = Debug|x64
		{1037EBDC-2A25-49BA-9700-B980CDEEC511}.Debug|x86.ActiveCfg = Debug|Win32
		{1037EBDC-2A25-49BA-9700-B980CDEEC511}.Debug|x86.Build.0 = Debug|Win32
		{1037EBDC-2A25-49BA-9700-B980CDEEC511}.Release|x64.ActiveCfg = Release|x64
		{1037EBDC-2A25-49BA-9700-B980CDEEC511}.Release|x64.Build.0 = Release|x64
		{1037EBDC-2A25-49BA-9700-B980CDEEC511}.Release|x86.ActiveCfg = Release|Win32
		{1037EBDC-2A25-49BA-9700-B980CDEEC511}.Release|x86.Build.0 = Release|Win32
		{DBF6E858-1290-41D4-B629-B98C339793C3}.Debug|x64.ActiveCfg = Debug|x64
		{DBF6E858-1290-41D4-B629-B98C339793C3}.Debug|x64.Build.0 = Debug|x64
		{DBF6E858-1290-41D4-B629-B98C339793C3}.Debug|x86.ActiveCfg = Debug|Win32
		{DBF6E858-1290-41D4-B629-B98C339793C3}.Debug|x86.Build.0 = Debug|Win32
		{DBF6E858-1290-41D4-B629-B98C339793C3}.Release|x64.ActiveCfg = Release|x64
		{DBF6E858-1290-41D4-B629-B98C339793C3}.Release|x64.Build.0 = Release|x64
		{DBF6E858-1290-41D4-B629-B98C339793C3}.Release|x86.ActiveCfg = Release|Win32
		{DBF6E858-1290-41D4-B629-B98C339793C3}.Release|x86.Build.0 = Release|Win32
		{7F99B6A9-314F-44F5-9368-3C72D7B1C268}.Debug|x64.ActiveCfg = Debug|x64
		{7F99B6A9-314F-44F5-9368-3C72D7B1C268}.Debug|x64.Build.0 = Debug|x64
		{7F99B6A9-314F-44F5-9368-3C72D7B1C268}.Debug|x86.ActiveCfg = Debug|Win32
		{7F99B6A9-314F-44F5-9368-3C72D7B1C268}.Debug|x86.Build.0 = Debug|Win32
		{7F99B6A9-314F-44F5-9368-3C72D7B1C268}.Release|x64.ActiveCfg = Release|x64
		{7F99B6A9-314F-44F5-9368-3C72D7B1C268}.Release|x64.Build.0 = Release|x64
		{7F99B6A9-314F-44F5-9368-3C72D7B1C268}.Release|x86.ActiveCfg = Release|Win32
		{7F99B6A9-314F-44F5-9368-3C72D7B1C268}.Release|x86.Build.0 = Release|Win32
		{E6C21846-E618-4EB2-8756-2A98C05FA3FE}.Debug|x64.ActiveCfg = Debug|x64
		{E6C21846-E618-4EB2-8756-2A98C05FA3FE}.Debug|x64.Build.0 = Debug|x64
		{E6C21846-E618-4EB2-8756-2A98C05FA3FE}.Debug|x86.ActiveCfg = Debug|Win32
		{E6C21846-E618-4EB2-8756-2A98C05FA3FE}.Debug|x86.Build.0 = Debug|Win32
		{E6C21846-E618-4EB2-8756-2A98C05FA3FE}.Release|x64.ActiveCfg = Release|x64
		{E6C21846-E618-4EB2-8756-2A98C05FA3FE}.Release|x64.Build.0 = Release|x64
		{E6C21846-E618-4EB2-8756-2A98C05FA3FE}.Release|x86.ActiveCfg = Release|Win32
		{E6C21846-E618-4EB2-8756-2A98C05FA3FE}.Release|x86.Build.0 = Release|Win32
	EndGlobalSection
	GlobalSection(SolutionProperties) = preSolution
		HideSolutionNode = FALSE
	EndGlobalSection
	GlobalSection(NestedProjects) = preSolution
		{F0A8DA8F-CB84-4151-BA29-2223E9503665} = {C105E594-42CC-49D9-A13E-07C2DB4C2EC2}
		{70E72992-4F61-4208-93D3-AC5C8E61A63F} = {C105E594-42CC-49D9-A13E-07C2DB4C2EC2}
		{3FEF0C2B-C494-48D3-B8F0-85AFA0276330} = {C105E594-42CC-49D9-A13E-07C2DB4C2EC2}
		{1037EBDC-2A25-49BA-9700-B980CDEEC511} = {C105E594-42CC-49D9-A13E-07C2DB4C2EC2}
		{DBF6E858-1290-41D4-B629-B98C339793C3} = {C105E594-42CC-49D9-A13E-07C2DB4C2EC2}
		{7F99B6A9-314F-44F5-9368-3C72D7B1C268} = {C105E594-42CC-49D9-A13E-07C2DB4C2EC2}
		{E6C21846-E618-4EB2-8756-2A98C05FA3FE} = {41DD9409-35DE-4A1D-B009-49155CD98035}
	EndGlobalSection
	GlobalSection(ExtensibilityGlobals) = postSolution
		SolutionGuid = {FBB71DE1-4120-4BD4-85C6-996E6FBD904F}
	EndGlobalSection
EndGlobal
